
Microsoft Visual Studio Solution File, Format Version 12.00
# Visual Studio 2013
VisualStudioVersion = 12.0.30501.0
MinimumVisualStudioVersion = 10.0.40219.1
Project("{8BC9CEB8-8B4A-11D0-8D11-00A0C91BC942}") = "QtypeServer", "QtypeServer\QtypeServer.vcxproj", "{4DD3266E-C75D-44E5-B9F0-8D8CBF261DF7}"
EndProject
Global
	GlobalSection(SolutionConfigurationPlatforms) = preSolution
		Debug|Win32 = Debug|Win32
		Debug|x64 = Debug|x64
		DLL Debug - DLL OpenSSL - DLL LibSSH2|Win32 = DLL Debug - DLL OpenSSL - DLL LibSSH2|Win32
		DLL Debug - DLL OpenSSL - DLL LibSSH2|x64 = DLL Debug - DLL OpenSSL - DLL LibSSH2|x64
		DLL Debug - DLL OpenSSL|Win32 = DLL Debug - DLL OpenSSL|Win32
		DLL Debug - DLL OpenSSL|x64 = DLL Debug - DLL OpenSSL|x64
		DLL Debug - DLL Windows SSPI - DLL WinIDN|Win32 = DLL Debug - DLL Windows SSPI - DLL WinIDN|Win32
		DLL Debug - DLL Windows SSPI - DLL WinIDN|x64 = DLL Debug - DLL Windows SSPI - DLL WinIDN|x64
		DLL Debug - DLL Windows SSPI|Win32 = DLL Debug - DLL Windows SSPI|Win32
		DLL Debug - DLL Windows SSPI|x64 = DLL Debug - DLL Windows SSPI|x64
		DLL Debug - DLL wolfSSL|Win32 = DLL Debug - DLL wolfSSL|Win32
		DLL Debug - DLL wolfSSL|x64 = DLL Debug - DLL wolfSSL|x64
		DLL Debug|Win32 = DLL Debug|Win32
		DLL Debug|x64 = DLL Debug|x64
		DLL Release - DLL OpenSSL - DLL LibSSH2|Win32 = DLL Release - DLL OpenSSL - DLL LibSSH2|Win32
		DLL Release - DLL OpenSSL - DLL LibSSH2|x64 = DLL Release - DLL OpenSSL - DLL LibSSH2|x64
		DLL Release - DLL OpenSSL|Win32 = DLL Release - DLL OpenSSL|Win32
		DLL Release - DLL OpenSSL|x64 = DLL Release - DLL OpenSSL|x64
		DLL Release - DLL Windows SSPI - DLL WinIDN|Win32 = DLL Release - DLL Windows SSPI - DLL WinIDN|Win32
		DLL Release - DLL Windows SSPI - DLL WinIDN|x64 = DLL Release - DLL Windows SSPI - DLL WinIDN|x64
		DLL Release - DLL Windows SSPI|Win32 = DLL Release - DLL Windows SSPI|Win32
		DLL Release - DLL Windows SSPI|x64 = DLL Release - DLL Windows SSPI|x64
		DLL Release - DLL wolfSSL|Win32 = DLL Release - DLL wolfSSL|Win32
		DLL Release - DLL wolfSSL|x64 = DLL Release - DLL wolfSSL|x64
		DLL Release|Win32 = DLL Release|Win32
		DLL Release|x64 = DLL Release|x64
		LIB Debug - DLL OpenSSL - DLL LibSSH2|Win32 = LIB Debug - DLL OpenSSL - DLL LibSSH2|Win32
		LIB Debug - DLL OpenSSL - DLL LibSSH2|x64 = LIB Debug - DLL OpenSSL - DLL LibSSH2|x64
		LIB Debug - DLL OpenSSL|Win32 = LIB Debug - DLL OpenSSL|Win32
		LIB Debug - DLL OpenSSL|x64 = LIB Debug - DLL OpenSSL|x64
		LIB Debug - DLL Windows SSPI - DLL WinIDN|Win32 = LIB Debug - DLL Windows SSPI - DLL WinIDN|Win32
		LIB Debug - DLL Windows SSPI - DLL WinIDN|x64 = LIB Debug - DLL Windows SSPI - DLL WinIDN|x64
		LIB Debug - DLL Windows SSPI|Win32 = LIB Debug - DLL Windows SSPI|Win32
		LIB Debug - DLL Windows SSPI|x64 = LIB Debug - DLL Windows SSPI|x64
		LIB Debug - LIB OpenSSL - LIB LibSSH2|Win32 = LIB Debug - LIB OpenSSL - LIB LibSSH2|Win32
		LIB Debug - LIB OpenSSL - LIB LibSSH2|x64 = LIB Debug - LIB OpenSSL - LIB LibSSH2|x64
		LIB Debug - LIB OpenSSL|Win32 = LIB Debug - LIB OpenSSL|Win32
		LIB Debug - LIB OpenSSL|x64 = LIB Debug - LIB OpenSSL|x64
		LIB Debug - LIB wolfSSL|Win32 = LIB Debug - LIB wolfSSL|Win32
		LIB Debug - LIB wolfSSL|x64 = LIB Debug - LIB wolfSSL|x64
		LIB Debug|Win32 = LIB Debug|Win32
		LIB Debug|x64 = LIB Debug|x64
		LIB Release - DLL OpenSSL - DLL LibSSH2|Win32 = LIB Release - DLL OpenSSL - DLL LibSSH2|Win32
		LIB Release - DLL OpenSSL - DLL LibSSH2|x64 = LIB Release - DLL OpenSSL - DLL LibSSH2|x64
		LIB Release - DLL OpenSSL|Win32 = LIB Release - DLL OpenSSL|Win32
		LIB Release - DLL OpenSSL|x64 = LIB Release - DLL OpenSSL|x64
		LIB Release - DLL Windows SSPI - DLL WinIDN|Win32 = LIB Release - DLL Windows SSPI - DLL WinIDN|Win32
		LIB Release - DLL Windows SSPI - DLL WinIDN|x64 = LIB Release - DLL Windows SSPI - DLL WinIDN|x64
		LIB Release - DLL Windows SSPI|Win32 = LIB Release - DLL Windows SSPI|Win32
		LIB Release - DLL Windows SSPI|x64 = LIB Release - DLL Windows SSPI|x64
		LIB Release - LIB OpenSSL - LIB LibSSH2|Win32 = LIB Release - LIB OpenSSL - LIB LibSSH2|Win32
		LIB Release - LIB OpenSSL - LIB LibSSH2|x64 = LIB Release - LIB OpenSSL - LIB LibSSH2|x64
		LIB Release - LIB OpenSSL|Win32 = LIB Release - LIB OpenSSL|Win32
		LIB Release - LIB OpenSSL|x64 = LIB Release - LIB OpenSSL|x64
		LIB Release - LIB wolfSSL|Win32 = LIB Release - LIB wolfSSL|Win32
		LIB Release - LIB wolfSSL|x64 = LIB Release - LIB wolfSSL|x64
		LIB Release|Win32 = LIB Release|Win32
		LIB Release|x64 = LIB Release|x64
		Release|Win32 = Release|Win32
		Release|x64 = Release|x64
	EndGlobalSection
	GlobalSection(ProjectConfigurationPlatforms) = postSolution
		{4DD3266E-C75D-44E5-B9F0-8D8CBF261DF7}.Debug|Win32.ActiveCfg = Debug|Win32
		{4DD3266E-C75D-44E5-B9F0-8D8CBF261DF7}.Debug|Win32.Build.0 = Debug|Win32
		{4DD3266E-C75D-44E5-B9F0-8D8CBF261DF7}.Debug|x64.ActiveCfg = Debug|Win32
		{4DD3266E-C75D-44E5-B9F0-8D8CBF261DF7}.DLL Debug - DLL OpenSSL - DLL LibSSH2|Win32.ActiveCfg = Debug|Win32
		{4DD3266E-C75D-44E5-B9F0-8D8CBF261DF7}.DLL Debug - DLL OpenSSL - DLL LibSSH2|Win32.Build.0 = Debug|Win32
		{4DD3266E-C75D-44E5-B9F0-8D8CBF261DF7}.DLL Debug - DLL OpenSSL - DLL LibSSH2|x64.ActiveCfg = Debug|Win32
		{4DD3266E-C75D-44E5-B9F0-8D8CBF261DF7}.DLL Debug - DLL OpenSSL|Win32.ActiveCfg = Debug|Win32
		{4DD3266E-C75D-44E5-B9F0-8D8CBF261DF7}.DLL Debug - DLL OpenSSL|Win32.Build.0 = Debug|Win32
		{4DD3266E-C75D-44E5-B9F0-8D8CBF261DF7}.DLL Debug - DLL OpenSSL|x64.ActiveCfg = Debug|Win32
		{4DD3266E-C75D-44E5-B9F0-8D8CBF261DF7}.DLL Debug - DLL Windows SSPI - DLL WinIDN|Win32.ActiveCfg = Debug|Win32
		{4DD3266E-C75D-44E5-B9F0-8D8CBF261DF7}.DLL Debug - DLL Windows SSPI - DLL WinIDN|Win32.Build.0 = Debug|Win32
		{4DD3266E-C75D-44E5-B9F0-8D8CBF261DF7}.DLL Debug - DLL Windows SSPI - DLL WinIDN|x64.ActiveCfg = Debug|Win32
		{4DD3266E-C75D-44E5-B9F0-8D8CBF261DF7}.DLL Debug - DLL Windows SSPI|Win32.ActiveCfg = Debug|Win32
		{4DD3266E-C75D-44E5-B9F0-8D8CBF261DF7}.DLL Debug - DLL Windows SSPI|Win32.Build.0 = Debug|Win32
		{4DD3266E-C75D-44E5-B9F0-8D8CBF261DF7}.DLL Debug - DLL Windows SSPI|x64.ActiveCfg = Debug|Win32
		{4DD3266E-C75D-44E5-B9F0-8D8CBF261DF7}.DLL Debug - DLL wolfSSL|Win32.ActiveCfg = Debug|Win32
		{4DD3266E-C75D-44E5-B9F0-8D8CBF261DF7}.DLL Debug - DLL wolfSSL|Win32.Build.0 = Debug|Win32
		{4DD3266E-C75D-44E5-B9F0-8D8CBF261DF7}.DLL Debug - DLL wolfSSL|x64.ActiveCfg = Debug|Win32
		{4DD3266E-C75D-44E5-B9F0-8D8CBF261DF7}.DLL Debug|Win32.ActiveCfg = Debug|Win32
		{4DD3266E-C75D-44E5-B9F0-8D8CBF261DF7}.DLL Debug|Win32.Build.0 = Debug|Win32
		{4DD3266E-C75D-44E5-B9F0-8D8CBF261DF7}.DLL Debug|x64.ActiveCfg = Debug|Win32
		{4DD3266E-C75D-44E5-B9F0-8D8CBF261DF7}.DLL Release - DLL OpenSSL - DLL LibSSH2|Win32.ActiveCfg = Release|Win32
		{4DD3266E-C75D-44E5-B9F0-8D8CBF261DF7}.DLL Release - DLL OpenSSL - DLL LibSSH2|Win32.Build.0 = Release|Win32
		{4DD3266E-C75D-44E5-B9F0-8D8CBF261DF7}.DLL Release - DLL OpenSSL - DLL LibSSH2|x64.ActiveCfg = Release|Win32
		{4DD3266E-C75D-44E5-B9F0-8D8CBF261DF7}.DLL Release - DLL OpenSSL|Win32.ActiveCfg = Release|Win32
		{4DD3266E-C75D-44E5-B9F0-8D8CBF261DF7}.DLL Release - DLL OpenSSL|Win32.Build.0 = Release|Win32
		{4DD3266E-C75D-44E5-B9F0-8D8CBF261DF7}.DLL Release - DLL OpenSSL|x64.ActiveCfg = Release|Win32
		{4DD3266E-C75D-44E5-B9F0-8D8CBF261DF7}.DLL Release - DLL Windows SSPI - DLL WinIDN|Win32.ActiveCfg = Release|Win32
		{4DD3266E-C75D-44E5-B9F0-8D8CBF261DF7}.DLL Release - DLL Windows SSPI - DLL WinIDN|Win32.Build.0 = Release|Win32
		{4DD3266E-C75D-44E5-B9F0-8D8CBF261DF7}.DLL Release - DLL Windows SSPI - DLL WinIDN|x64.ActiveCfg = Release|Win32
		{4DD3266E-C75D-44E5-B9F0-8D8CBF261DF7}.DLL Release - DLL Windows SSPI|Win32.ActiveCfg = Release|Win32
		{4DD3266E-C75D-44E5-B9F0-8D8CBF261DF7}.DLL Release - DLL Windows SSPI|Win32.Build.0 = Release|Win32
		{4DD3266E-C75D-44E5-B9F0-8D8CBF261DF7}.DLL Release - DLL Windows SSPI|x64.ActiveCfg = Release|Win32
		{4DD3266E-C75D-44E5-B9F0-8D8CBF261DF7}.DLL Release - DLL wolfSSL|Win32.ActiveCfg = Release|Win32
		{4DD3266E-C75D-44E5-B9F0-8D8CBF261DF7}.DLL Release - DLL wolfSSL|Win32.Build.0 = Release|Win32
		{4DD3266E-C75D-44E5-B9F0-8D8CBF261DF7}.DLL Release - DLL wolfSSL|x64.ActiveCfg = Release|Win32
		{4DD3266E-C75D-44E5-B9F0-8D8CBF261DF7}.DLL Release|Win32.ActiveCfg = Release|Win32
		{4DD3266E-C75D-44E5-B9F0-8D8CBF261DF7}.DLL Release|Win32.Build.0 = Release|Win32
		{4DD3266E-C75D-44E5-B9F0-8D8CBF261DF7}.DLL Release|x64.ActiveCfg = Release|Win32
		{4DD3266E-C75D-44E5-B9F0-8D8CBF261DF7}.LIB Debug - DLL OpenSSL - DLL LibSSH2|Win32.ActiveCfg = Debug|Win32
		{4DD3266E-C75D-44E5-B9F0-8D8CBF261DF7}.LIB Debug - DLL OpenSSL - DLL LibSSH2|Win32.Build.0 = Debug|Win32
		{4DD3266E-C75D-44E5-B9F0-8D8CBF261DF7}.LIB Debug - DLL OpenSSL - DLL LibSSH2|x64.ActiveCfg = Debug|Win32
		{4DD3266E-C75D-44E5-B9F0-8D8CBF261DF7}.LIB Debug - DLL OpenSSL|Win32.ActiveCfg = Debug|Win32
		{4DD3266E-C75D-44E5-B9F0-8D8CBF261DF7}.LIB Debug - DLL OpenSSL|Win32.Build.0 = Debug|Win32
		{4DD3266E-C75D-44E5-B9F0-8D8CBF261DF7}.LIB Debug - DLL OpenSSL|x64.ActiveCfg = Debug|Win32
		{4DD3266E-C75D-44E5-B9F0-8D8CBF261DF7}.LIB Debug - DLL Windows SSPI - DLL WinIDN|Win32.ActiveCfg = Debug|Win32
		{4DD3266E-C75D-44E5-B9F0-8D8CBF261DF7}.LIB Debug - DLL Windows SSPI - DLL WinIDN|Win32.Build.0 = Debug|Win32
		{4DD3266E-C75D-44E5-B9F0-8D8CBF261DF7}.LIB Debug - DLL Windows SSPI - DLL WinIDN|x64.ActiveCfg = Debug|Win32
		{4DD3266E-C75D-44E5-B9F0-8D8CBF261DF7}.LIB Debug - DLL Windows SSPI|Win32.ActiveCfg = Debug|Win32
		{4DD3266E-C75D-44E5-B9F0-8D8CBF261DF7}.LIB Debug - DLL Windows SSPI|Win32.Build.0 = Debug|Win32
		{4DD3266E-C75D-44E5-B9F0-8D8CBF261DF7}.LIB Debug - DLL Windows SSPI|x64.ActiveCfg = Debug|Win32
		{4DD3266E-C75D-44E5-B9F0-8D8CBF261DF7}.LIB Debug - LIB OpenSSL - LIB LibSSH2|Win32.ActiveCfg = Debug|Win32
		{4DD3266E-C75D-44E5-B9F0-8D8CBF261DF7}.LIB Debug - LIB OpenSSL - LIB LibSSH2|Win32.Build.0 = Debug|Win32
		{4DD3266E-C75D-44E5-B9F0-8D8CBF261DF7}.LIB Debug - LIB OpenSSL - LIB LibSSH2|x64.ActiveCfg = Debug|Win32
		{4DD3266E-C75D-44E5-B9F0-8D8CBF261DF7}.LIB Debug - LIB OpenSSL|Win32.ActiveCfg = Debug|Win32
		{4DD3266E-C75D-44E5-B9F0-8D8CBF261DF7}.LIB Debug - LIB OpenSSL|Win32.Build.0 = Debug|Win32
		{4DD3266E-C75D-44E5-B9F0-8D8CBF261DF7}.LIB Debug - LIB OpenSSL|x64.ActiveCfg = Debug|Win32
		{4DD3266E-C75D-44E5-B9F0-8D8CBF261DF7}.LIB Debug - LIB wolfSSL|Win32.ActiveCfg = Debug|Win32
		{4DD3266E-C75D-44E5-B9F0-8D8CBF261DF7}.LIB Debug - LIB wolfSSL|Win32.Build.0 = Debug|Win32
		{4DD3266E-C75D-44E5-B9F0-8D8CBF261DF7}.LIB Debug - LIB wolfSSL|x64.ActiveCfg = Debug|Win32
		{4DD3266E-C75D-44E5-B9F0-8D8CBF261DF7}.LIB Debug|Win32.ActiveCfg = Debug|Win32
		{4DD3266E-C75D-44E5-B9F0-8D8CBF261DF7}.LIB Debug|Win32.Build.0 = Debug|Win32
		{4DD3266E-C75D-44E5-B9F0-8D8CBF261DF7}.LIB Debug|x64.ActiveCfg = Debug|Win32
		{4DD3266E-C75D-44E5-B9F0-8D8CBF261DF7}.LIB Release - DLL OpenSSL - DLL LibSSH2|Win32.ActiveCfg = Release|Win32
		{4DD3266E-C75D-44E5-B9F0-8D8CBF261DF7}.LIB Release - DLL OpenSSL - DLL LibSSH2|Win32.Build.0 = Release|Win32
		{4DD3266E-C75D-44E5-B9F0-8D8CBF261DF7}.LIB Release - DLL OpenSSL - DLL LibSSH2|x64.ActiveCfg = Release|Win32
		{4DD3266E-C75D-44E5-B9F0-8D8CBF261DF7}.LIB Release - DLL OpenSSL|Win32.ActiveCfg = Release|Win32
		{4DD3266E-C75D-44E5-B9F0-8D8CBF261DF7}.LIB Release - DLL OpenSSL|Win32.Build.0 = Release|Win32
		{4DD3266E-C75D-44E5-B9F0-8D8CBF261DF7}.LIB Release - DLL OpenSSL|x64.ActiveCfg = Release|Win32
		{4DD3266E-C75D-44E5-B9F0-8D8CBF261DF7}.LIB Release - DLL Windows SSPI - DLL WinIDN|Win32.ActiveCfg = Release|Win32
		{4DD3266E-C75D-44E5-B9F0-8D8CBF261DF7}.LIB Release - DLL Windows SSPI - DLL WinIDN|Win32.Build.0 = Release|Win32
		{4DD3266E-C75D-44E5-B9F0-8D8CBF261DF7}.LIB Release - DLL Windows SSPI - DLL WinIDN|x64.ActiveCfg = Release|Win32
		{4DD3266E-C75D-44E5-B9F0-8D8CBF261DF7}.LIB Release - DLL Windows SSPI|Win32.ActiveCfg = Release|Win32
		{4DD3266E-C75D-44E5-B9F0-8D8CBF261DF7}.LIB Release - DLL Windows SSPI|Win32.Build.0 = Release|Win32
		{4DD3266E-C75D-44E5-B9F0-8D8CBF261DF7}.LIB Release - DLL Windows SSPI|x64.ActiveCfg = Release|Win32
		{4DD3266E-C75D-44E5-B9F0-8D8CBF261DF7}.LIB Release - LIB OpenSSL - LIB LibSSH2|Win32.ActiveCfg = Release|Win32
		{4DD3266E-C75D-44E5-B9F0-8D8CBF261DF7}.LIB Release - LIB OpenSSL - LIB LibSSH2|Win32.Build.0 = Release|Win32
		{4DD3266E-C75D-44E5-B9F0-8D8CBF261DF7}.LIB Release - LIB OpenSSL - LIB LibSSH2|x64.ActiveCfg = Release|Win32
		{4DD3266E-C75D-44E5-B9F0-8D8CBF261DF7}.LIB Release - LIB OpenSSL|Win32.ActiveCfg = Release|Win32
		{4DD3266E-C75D-44E5-B9F0-8D8CBF261DF7}.LIB Release - LIB OpenSSL|Win32.Build.0 = Release|Win32
		{4DD3266E-C75D-44E5-B9F0-8D8CBF261DF7}.LIB Release - LIB OpenSSL|x64.ActiveCfg = Release|Win32
		{4DD3266E-C75D-44E5-B9F0-8D8CBF261DF7}.LIB Release - LIB wolfSSL|Win32.ActiveCfg = Release|Win32
		{4DD3266E-C75D-44E5-B9F0-8D8CBF261DF7}.LIB Release - LIB wolfSSL|Win32.Build.0 = Release|Win32
		{4DD3266E-C75D-44E5-B9F0-8D8CBF261DF7}.LIB Release - LIB wolfSSL|x64.ActiveCfg = Release|Win32
		{4DD3266E-C75D-44E5-B9F0-8D8CBF261DF7}.LIB Release|Win32.ActiveCfg = Release|Win32
		{4DD3266E-C75D-44E5-B9F0-8D8CBF261DF7}.LIB Release|Win32.Build.0 = Release|Win32
		{4DD3266E-C75D-44E5-B9F0-8D8CBF261DF7}.LIB Release|x64.ActiveCfg = Release|Win32
		{4DD3266E-C75D-44E5-B9F0-8D8CBF261DF7}.Release|Win32.ActiveCfg = Release|Win32
		{4DD3266E-C75D-44E5-B9F0-8D8CBF261DF7}.Release|Win32.Build.0 = Release|Win32
		{4DD3266E-C75D-44E5-B9F0-8D8CBF261DF7}.Release|x64.ActiveCfg = Release|Win32
	EndGlobalSection
	GlobalSection(SolutionProperties) = preSolution
		HideSolutionNode = FALSE
	EndGlobalSection
EndGlobal
